{
  "object": {
    "pins": [
      {
        "package": "AppMetrica",
        "repositoryURL": "https://github.com/appmetrica/appmetrica-sdk-ios",
        "state": {
          "branch": null,
          "revision": "a23678a2e783b126c247b53b3e3b44f09a3d39c1",
          "version": "5.9.0"
        }
      },
      {
        "package": "KSCrash",
        "repositoryURL": "https://github.com/kstenerud/KSCrash",
        "state": {
          "branch": null,
          "revision": "b87a3ef5b0b84e2a34a546b9836813756cd362a9",
          "version": "2.0.0"
        }
      }
    ]
  },
  "version": 1
}
